Microsoft Visual Studio Solution File, Format Version 12.00
# Visual Studio Version 17
VisualStudioVersion = 17.13.35919.96
MinimumVisualStudioVersion = 10.0.40219.1
Project("{FAE04EC0-301F-11D3-BF4B-00C04F79EFBC}") = "TokenExample", "TokenExample\TokenExample.csproj", "{7BB8B4C8-5AC6-432A-A9B5-A95869308A5E}"
EndProject
Global
	GlobalSection(SolutionConfigurationPlatforms) = preSolution
		Debug|Any CPU = Debug|Any CPU
		Release|Any CPU = Release|Any CPU
	EndGlobalSection
	GlobalSection(ProjectConfigurationPlatforms) = postSolution
		{7BB8B4C8-5AC6-432A-A9B5-A95869308A5E}.Debug|Any CPU.ActiveCfg = Debug|Any CPU
		{7BB8B4C8-5AC6-432A-A9B5-A95869308A5E}.Debug|Any CPU.Build.0 = Debug|Any CPU
		{7BB8B4C8-5AC6-432A-A9B5-A95869308A5E}.Release|Any CPU.ActiveCfg = Release|Any CPU
		{7BB8B4C8-5AC6-432A-A9B5-A95869308A5E}.Release|Any CPU.Build.0 = Release|Any CPU
	EndGlobalSection
	GlobalSection(SolutionProperties) = preSolution
		HideSolutionNode = FALSE
	EndGlobalSection
	GlobalSection(ExtensibilityGlobals) = postSolution
		SolutionGuid = {AC3B2477-DE14-4527-A877-B9FFE081B522}
	EndGlobalSection
EndGlobal
